// !$*UTF8*$!
{
	archiveVersion = 1;
	classes = {
	};
	objectVersion = 50;
	objects = {

/* Begin PBXBuildFile section */
		2D5B656726B6721F006773D6 /* AppDelegate.swift in Sources */ = {isa = PBXBuildFile; fileRef = 2D5B656626B6721F006773D6 /* AppDelegate.swift */; };
		2D5B656926B6721F006773D6 /* SceneDelegate.swift in Sources */ = {isa = PBXBuildFile; fileRef = 2D5B656826B6721F006773D6 /* SceneDelegate.swift */; };
		2D5B656B26B6721F006773D6 /* ContentView.swift in Sources */ = {isa = PBXBuildFile; fileRef = 2D5B656A26B6721F006773D6 /* ContentView.swift */; };
		2D5B656E26B6721F006773D6 /* SwiftUI_SearchInList.xcdatamodeld in Sources */ = {isa = PBXBuildFile; fileRef = 2D5B656C26B6721F006773D6 /* SwiftUI_SearchInList.xcdatamodeld */; };
		2D5B657026B67222006773D6 /* Assets.xcassets in Resources */ = {isa = PBXBuildFile; fileRef = 2D5B656F26B67222006773D6 /* Assets.xcassets */; };
		2D5B657326B67222006773D6 /* Preview Assets.xcassets in Resources */ = {isa = PBXBuildFile; fileRef = 2D5B657226B67222006773D6 /* Preview Assets.xcassets */; };
		2D5B657626B67222006773D6 /* LaunchScreen.storyboard in Resources */ = {isa = PBXBuildFile; fileRef = 2D5B657426B67222006773D6 /* LaunchScreen.storyboard */; };
		2D5B658126B67222006773D6 /* SwiftUI_SearchInListTests.swift in Sources */ = {isa = PBXBuildFile; fileRef = 2D5B658026B67222006773D6 /* SwiftUI_SearchInListTests.swift */; };
		2D5B658C26B67222006773D6 /* SwiftUI_SearchInListUITests.swift in Sources */ = {isa = PBXBuildFile; fileRef = 2D5B658B26B67222006773D6 /* SwiftUI_SearchInListUITests.swift */; };
		2D5B659E26B676AF006773D6 /* SearchBar.swift in Sources */ = {isa = PBXBuildFile; fileRef = 2D5B659D26B676AE006773D6 /* SearchBar.swift */; };
/* End PBXBuildFile section */

/* Begin PBXContainerItemProxy section */
		2D5B657D26B67222006773D6 /* PBXContainerItemProxy */ = {
			isa = PBXContainerItemProxy;
			containerPortal = 2D5B655B26B6721F006773D6 /* Project object */;
			proxyType = 1;
			remoteGlobalIDString = 2D5B656226B6721F006773D6;
			remoteInfo = "SwiftUI-SearchInList";
		};
		2D5B658826B67222006773D6 /* PBXContainerItemProxy */ = {
			isa = PBXContainerItemProxy;
			containerPortal = 2D5B655B26B6721F006773D6 /* Project object */;
			proxyType = 1;
			remoteGlobalIDString = 2D5B656226B6721F006773D6;
			remoteInfo = "SwiftUI-SearchInList";
		};
/* End PBXContainerItemProxy section */

/* Begin PBXFileReference section */
		2D5B656326B6721F006773D6 /* SwiftUI-SearchInList.app */ = {isa = PBXFileReference; explicitFileType = wrapper.application; includeInIndex = 0; path = "SwiftUI-SearchInList.app"; sourceTree = BUILT_PRODUCTS_DIR; };
		2D5B656626B6721F006773D6 /* AppDelegate.swift */ = {isa = PBXFileReference; lastKnownFileType = sourcecode.swift; path = AppDelegate.swift; sourceTree = "<group>"; };
		2D5B656826B6721F006773D6 /* SceneDelegate.swift */ = {isa = PBXFileReference; lastKnownFileType = sourcecode.swift; path = SceneDelegate.swift; sourceTree = "<group>"; };
		2D5B656A26B6721F006773D6 /* ContentView.swift */ = {isa = PBXFileReference; lastKnownFileType = sourcecode.swift; path = ContentView.swift; sourceTree = "<group>"; };
		2D5B656D26B6721F006773D6 /* SwiftUI_SearchInList.xcdatamodel */ = {isa = PBXFileReference; lastKnownFileType = wrapper.xcdatamodel; path = SwiftUI_SearchInList.xcdatamodel; sourceTree = "<group>"; };
		2D5B656F26B67222006773D6 /* Assets.xcassets */ = {isa = PBXFileReference; lastKnownFileType = folder.assetcatalog; path = Assets.xcassets; sourceTree = "<group>"; };
		2D5B657226B67222006773D6 /* Preview Assets.xcassets */ = {isa = PBXFileReference; lastKnownFileType = folder.assetcatalog; path = "Preview Assets.xcassets"; sourceTree = "<group>"; };
		2D5B657526B67222006773D6 /* Base */ = {isa = PBXFileReference; lastKnownFileType = file.storyboard; name = Base; path = Base.lproj/LaunchScreen.storyboard; sourceTree = "<group>"; };
		2D5B657726B67222006773D6 /* Info.plist */ = {isa = PBXFileReference; lastKnownFileType = text.plist.xml; path = Info.plist; sourceTree = "<group>"; };
		2D5B657C26B67222006773D6 /* SwiftUI-SearchInListTests.xctest */ = {isa = PBXFileReference; explicitFileType = wrapper.cfbundle; includeInIndex = 0; path = "SwiftUI-SearchInListTests.xctest"; sourceTree = BUILT_PRODUCTS_DIR; };
		2D5B658026B67222006773D6 /* SwiftUI_SearchInListTests.swift */ = {isa = PBXFileReference; lastKnownFileType = sourcecode.swift; path = SwiftUI_SearchInListTests.swift; sourceTree = "<group>"; };
		2D5B658226B67222006773D6 /* Info.plist */ = {isa = PBXFileReference; lastKnownFileType = text.plist.xml; path = Info.plist; sourceTree = "<group>"; };
		2D5B658726B67222006773D6 /* SwiftUI-SearchInListUITests.xctest */ = {isa = PBXFileReference; explicitFileType = wrapper.cfbundle; includeInIndex = 0; path = "SwiftUI-SearchInListUITests.xctest"; sourceTree = BUILT_PRODUCTS_DIR; };
		2D5B658B26B67222006773D6 /* SwiftUI_SearchInListUITests.swift */ = {isa = PBXFileReference; lastKnownFileType = sourcecode.swift; path = SwiftUI_SearchInListUITests.swift; sourceTree = "<group>"; };
		2D5B658D26B67222006773D6 /* Info.plist */ = {isa = PBXFileReference; lastKnownFileType = text.plist.xml; path = Info.plist; sourceTree = "<group>"; };
		2D5B659D26B676AE006773D6 /* SearchBar.swift */ = {isa = PBXFileReference; lastKnownFileType = sourcecode.swift; path = SearchBar.swift; sourceTree = "<group>"; };
/* End PBXFileReference section */

/* Begin PBXFrameworksBuildPhase section */
		2D5B656026B6721F006773D6 /* Frameworks */ = {
			isa = PBXFrameworksBuildPhase;
			buildActionMask = 2147483647;
			files = (
			);
			runOnlyForDeploymentPostprocessing = 0;
		};
		2D5B657926B67222006773D6 /* Frameworks */ = {
			isa = PBXFrameworksBuildPhase;
			buildActionMask = 2147483647;
			files = (
			);
			runOnlyForDeploymentPostprocessing = 0;
		};
		2D5B658426B67222006773D6 /* Frameworks */ = {
			isa = PBXFrameworksBuildPhase;
			buildActionMask = 2147483647;
			files = (
			);
			runOnlyForDeploymentPostprocessing = 0;
		};
/* End PBXFrameworksBuildPhase section */

/* Begin PBXGroup section */
		2D5B655A26B6721F006773D6 = {
			isa = PBXGroup;
			children = (
				2D5B656526B6721F006773D6 /* SwiftUI-SearchInList */,
				2D5B657F26B67222006773D6 /* SwiftUI-SearchInListTests */,
				2D5B658A26B67222006773D6 /* SwiftUI-SearchInListUITests */,
				2D5B656426B6721F006773D6 /* Products */,
			);
			sourceTree = "<group>";
		};
		2D5B656426B6721F006773D6 /* Products */ = {
			isa = PBXGroup;
			children = (
				2D5B656326B6721F006773D6 /* SwiftUI-SearchInList.app */,
				2D5B657C26B67222006773D6 /* SwiftUI-SearchInListTests.xctest */,
				2D5B658726B67222006773D6 /* SwiftUI-SearchInListUITests.xctest */,
			);
			name = Products;
			sourceTree = "<group>";
		};
		2D5B656526B6721F006773D6 /* SwiftUI-SearchInList */ = {
			isa = PBXGroup;
			children = (
				2D5B659C26B6769E006773D6 /* CustomView */,
				2D5B656626B6721F006773D6 /* AppDelegate.swift */,
				2D5B656826B6721F006773D6 /* SceneDelegate.swift */,
				2D5B656A26B6721F006773D6 /* ContentView.swift */,
				2D5B656F26B67222006773D6 /* Assets.xcassets */,
				2D5B657426B67222006773D6 /* LaunchScreen.storyboard */,
				2D5B657726B67222006773D6 /* Info.plist */,
				2D5B656C26B6721F006773D6 /* SwiftUI_SearchInList.xcdatamodeld */,
				2D5B657126B67222006773D6 /* Preview Content */,
			);
			path = "SwiftUI-SearchInList";
			sourceTree = "<group>";
		};
		2D5B657126B67222006773D6 /* Preview Content */ = {
			isa = PBXGroup;
			children = (
				2D5B657226B67222006773D6 /* Preview Assets.xcassets */,
			);
			path = "Preview Content";
			sourceTree = "<group>";
		};
		2D5B657F26B67222006773D6 /* SwiftUI-SearchInListTests */ = {
			isa = PBXGroup;
			children = (
				2D5B658026B67222006773D6 /* SwiftUI_SearchInListTests.swift */,
				2D5B658226B67222006773D6 /* Info.plist */,
			);
			path = "SwiftUI-SearchInListTests";
			sourceTree = "<group>";
		};
		2D5B658A26B67222006773D6 /* SwiftUI-SearchInListUITests */ = {
			isa = PBXGroup;
			children = (
				2D5B658B26B67222006773D6 /* SwiftUI_SearchInListUITests.swift */,
				2D5B658D26B67222006773D6 /* Info.plist */,
			);
			path = "SwiftUI-SearchInListUITests";
			sourceTree = "<group>";
		};
		2D5B659C26B6769E006773D6 /* CustomView */ = {
			isa = PBXGroup;
			children = (
				2D5B659D26B676AE006773D6 /* SearchBar.swift */,
			);
			path = CustomView;
			sourceTree = "<group>";
		};
/* End PBXGroup section */

/* Begin PBXNativeTarget section */
		2D5B656226B6721F006773D6 /* SwiftUI-SearchInList */ = {
			isa = PBXNativeTarget;
			buildConfigurationList = 2D5B659026B67222006773D6 /* Build configuration list for PBXNativeTarget "SwiftUI-SearchInList" */;
			buildPhases = (
				2D5B655F26B6721F006773D6 /* Sources */,
				2D5B656026B6721F006773D6 /* Frameworks */,
				2D5B656126B6721F006773D6 /* Resources */,
			);
			buildRules = (
			);
			dependencies = (
			);
			name = "SwiftUI-SearchInList";
			productName = "SwiftUI-SearchInList";
			productReference = 2D5B656326B6721F006773D6 /* SwiftUI-SearchInList.app */;
			productType = "com.apple.product-type.application";
		};
		2D5B657B26B67222006773D6 /* SwiftUI-SearchInListTests */ = {
			isa = PBXNativeTarget;
			buildConfigurationList = 2D5B659326B67222006773D6 /* Build configuration list for PBXNativeTarget "SwiftUI-SearchInListTests" */;
			buildPhases = (
				2D5B657826B67222006773D6 /* Sources */,
				2D5B657926B67222006773D6 /* Frameworks */,
				2D5B657A26B67222006773D6 /* Resources */,
			);
			buildRules = (
			);
			dependencies = (
				2D5B657E26B67222006773D6 /* PBXTargetDependency */,
			);
			name = "SwiftUI-SearchInListTests";
			productName = "SwiftUI-SearchInListTests";
			productReference = 2D5B657C26B67222006773D6 /* SwiftUI-SearchInListTests.xctest */;
			productType = "com.apple.product-type.bundle.unit-test";
		};
		2D5B658626B67222006773D6 /* SwiftUI-SearchInListUITests */ = {
			isa = PBXNativeTarget;
			buildConfigurationList = 2D5B659626B67222006773D6 /* Build configuration list for PBXNativeTarget "SwiftUI-SearchInListUITests" */;
			buildPhases = (
				2D5B658326B67222006773D6 /* Sources */,
				2D5B658426B67222006773D6 /* Frameworks */,
				2D5B658526B67222006773D6 /* Resources */,
			);
			buildRules = (
			);
			dependencies = (
				2D5B658926B67222006773D6 /* PBXTargetDependency */,
			);
			name = "SwiftUI-SearchInListUITests";
			productName = "SwiftUI-SearchInListUITests";
			productReference = 2D5B658726B67222006773D6 /* SwiftUI-SearchInListUITests.xctest */;
			productType = "com.apple.product-type.bundle.ui-testing";
		};
/* End PBXNativeTarget section */

/* Begin PBXProject section */
		2D5B655B26B6721F006773D6 /* Project object */ = {
			isa = PBXProject;
			attributes = {
				LastSwiftUpdateCheck = 1240;
				LastUpgradeCheck = 1240;
				TargetAttributes = {
					2D5B656226B6721F006773D6 = {
						CreatedOnToolsVersion = 12.4;
					};
					2D5B657B26B67222006773D6 = {
						CreatedOnToolsVersion = 12.4;
						TestTargetID = 2D5B656226B6721F006773D6;
					};
					2D5B658626B67222006773D6 = {
						CreatedOnToolsVersion = 12.4;
						TestTargetID = 2D5B656226B6721F006773D6;
					};
				};
			};
			buildConfigurationList = 2D5B655E26B6721F006773D6 /* Build configuration list for PBXProject "SwiftUI-SearchInList" */;
			compatibilityVersion = "Xcode 9.3";
			developmentRegion = en;
			hasScannedForEncodings = 0;
			knownRegions = (
				en,
				Base,
			);
			mainGroup = 2D5B655A26B6721F006773D6;
			productRefGroup = 2D5B656426B6721F006773D6 /* Products */;
			projectDirPath = "";
			projectRoot = "";
			targets = (
				2D5B656226B6721F006773D6 /* SwiftUI-SearchInList */,
				2D5B657B26B67222006773D6 /* SwiftUI-SearchInListTests */,
				2D5B658626B67222006773D6 /* SwiftUI-SearchInListUITests */,
			);
		};
/* End PBXProject section */

/* Begin PBXResourcesBuildPhase section */
		2D5B656126B6721F006773D6 /* Resources */ = {
			isa = PBXResourcesBuildPhase;
			buildActionMask = 2147483647;
			files = (
				2D5B657626B67222006773D6 /* LaunchScreen.storyboard in Resources */,
				2D5B657326B67222006773D6 /* Preview Assets.xcassets in Resources */,
				2D5B657026B67222006773D6 /* Assets.xcassets in Resources */,
			);
			runOnlyForDeploymentPostprocessing = 0;
		};
		2D5B657A26B67222006773D6 /* Resources */ = {
			isa = PBXResourcesBuildPhase;
			buildActionMask = 2147483647;
			files = (
			);
			runOnlyForDeploymentPostprocessing = 0;
		};
		2D5B658526B67222006773D6 /* Resources */ = {
			isa = PBXResourcesBuildPhase;
			buildActionMask = 2147483647;
			files = (
			);
			runOnlyForDeploymentPostprocessing = 0;
		};
/* End PBXResourcesBuildPhase section */

/* Begin PBXSourcesBuildPhase section */
		2D5B655F26B6721F006773D6 /* Sources */ = {
			isa = PBXSourcesBuildPhase;
			buildActionMask = 2147483647;
			files = (
				2D5B656E26B6721F006773D6 /* SwiftUI_SearchInList.xcdatamodeld in Sources */,
				2D5B656726B6721F006773D6 /* AppDelegate.swift in Sources */,
				2D5B659E26B676AF006773D6 /* SearchBar.swift in Sources */,
				2D5B656926B6721F006773D6 /* SceneDelegate.swift in Sources */,
				2D5B656B26B6721F006773D6 /* ContentView.swift in Sources */,
			);
			runOnlyForDeploymentPostprocessing = 0;
		};
		2D5B657826B67222006773D6 /* Sources */ = {
			isa = PBXSourcesBuildPhase;
			buildActionMask = 2147483647;
			files = (
				2D5B658126B67222006773D6 /* SwiftUI_SearchInListTests.swift in Sources */,
			);
			runOnlyForDeploymentPostprocessing = 0;
		};
		2D5B658326B67222006773D6 /* Sources */ = {
			isa = PBXSourcesBuildPhase;
			buildActionMask = 2147483647;
			files = (
				2D5B658C26B67222006773D6 /* SwiftUI_SearchInListUITests.swift in Sources */,
			);
			runOnlyForDeploymentPostprocessing = 0;
		};
/* End PBXSourcesBuildPhase section */

/* Begin PBXTargetDependency section */
		2D5B657E26B67222006773D6 /* PBXTargetDependency */ = {
			isa = PBXTargetDependency;
			target = 2D5B656226B6721F006773D6 /* SwiftUI-SearchInList */;
			targetProxy = 2D5B657D26B67222006773D6 /* PBXContainerItemProxy */;
		};
		2D5B658926B67222006773D6 /* PBXTargetDependency */ = {
			isa = PBXTargetDependency;
			target = 2D5B656226B6721F006773D6 /* SwiftUI-SearchInList */;
			targetProxy = 2D5B658826B67222006773D6 /* PBXContainerItemProxy */;
		};
/* End PBXTargetDependency section */

/* Begin PBXVariantGroup section */
		2D5B657426B67222006773D6 /* LaunchScreen.storyboard */ = {
			isa = PBXVariantGroup;
			children = (
				2D5B657526B67222006773D6 /* Base */,
			);
			name = LaunchScreen.storyboard;
			sourceTree = "<group>";
		};
/* End PBXVariantGroup section */

/* Begin XCBuildConfiguration section */
		2D5B658E26B67222006773D6 /* Debug */ = {
			isa = XCBuildConfiguration;
			buildSettings = {
				ALWAYS_SEARCH_USER_PATHS = NO;
				CLANG_ANALYZER_NONNULL = YES;
				CLANG_ANALYZER_NUMBER_OBJECT_CONVERSION = YES_AGGRESSIVE;
				CLANG_CXX_LANGUAGE_STANDARD = "gnu++14";
				CLANG_CXX_LIBRARY = "libc++";
				CLANG_ENABLE_MODULES = YES;
				CLANG_ENABLE_OBJC_ARC = YES;
				CLANG_ENABLE_OBJC_WEAK = YES;
				CLANG_WARN_BLOCK_CAPTURE_AUTORELEASING = YES;
				CLANG_WARN_BOOL_CONVERSION = YES;
				CLANG_WARN_COMMA = YES;
				CLANG_WARN_CONSTANT_CONVERSION = YES;
				CLANG_WARN_DEPRECATED_OBJC_IMPLEMENTATIONS = YES;
				CLANG_WARN_DIRECT_OBJC_ISA_USAGE = YES_ERROR;
				CLANG_WARN_DOCUMENTATION_COMMENTS = YES;
				CLANG_WARN_EMPTY_BODY = YES;
				CLANG_WARN_ENUM_CONVERSION = YES;
				CLANG_WARN_INFINITE_RECURSION = YES;
				CLANG_WARN_INT_CONVERSION = YES;
				CLANG_WARN_NON_LITERAL_NULL_CONVERSION = YES;
				CLANG_WARN_OBJC_IMPLICIT_RETAIN_SELF = YES;
				CLANG_WARN_OBJC_LITERAL_CONVERSION = YES;
				CLANG_WARN_OBJC_ROOT_CLASS = YES_ERROR;
				CLANG_WARN_QUOTED_INCLUDE_IN_FRAMEWORK_HEADER = YES;
				CLANG_WARN_RANGE_LOOP_ANALYSIS = YES;
				CLANG_WARN_STRICT_PROTOTYPES = YES;
				CLANG_WARN_SUSPICIOUS_MOVE = YES;
				CLANG_WARN_UNGUARDED_AVAILABILITY = YES_AGGRESSIVE;
				CLANG_WARN_UNREACHABLE_CODE = YES;
				CLANG_WARN__DUPLICATE_METHOD_MATCH = YES;
				COPY_PHASE_STRIP = NO;
				DEBUG_INFORMATION_FORMAT = dwarf;
				ENABLE_STRICT_OBJC_MSGSEND = YES;
				ENABLE_TESTABILITY = YES;
				GCC_C_LANGUAGE_STANDARD = gnu11;
				GCC_DYNAMIC_NO_PIC = NO;
				GCC_NO_COMMON_BLOCKS = YES;
				GCC_OPTIMIZATION_LEVEL = 0;
				GCC_PREPROCESSOR_DEFINITIONS = (
					"DEBUG=1",
					"$(inherited)",
				);
				GCC_WARN_64_TO_32_BIT_CONVERSION = YES;
				GCC_WARN_ABOUT_RETURN_TYPE = YES_ERROR;
				GCC_WARN_UNDECLARED_SELECTOR = YES;
				GCC_WARN_UNINITIALIZED_AUTOS = YES_AGGRESSIVE;
				GCC_WARN_UNUSED_FUNCTION = YES;
				GCC_WARN_UNUSED_VARIABLE = YES;
				IPHONEOS_DEPLOYMENT_TARGET = 14.4;
				MTL_ENABLE_DEBUG_INFO = INCLUDE_SOURCE;
				MTL_FAST_MATH = YES;
				ONLY_ACTIVE_ARCH = YES;
				SDKROOT = iphoneos;
				SWIFT_ACTIVE_COMPILATION_CONDITIONS = DEBUG;
				SWIFT_OPTIMIZATION_LEVEL = "-Onone";
			};
			name = Debug;
		};
		2D5B658F26B67222006773D6 /* Release */ = {
			isa = XCBuildConfiguration;
			buildSettings = {
				ALWAYS_SEARCH_USER_PATHS = NO;
				CLANG_ANALYZER_NONNULL = YES;
				CLANG_ANALYZER_NUMBER_OBJECT_CONVERSION = YES_AGGRESSIVE;
				CLANG_CXX_LANGUAGE_STANDARD = "gnu++14";
				CLANG_CXX_LIBRARY = "libc++";
				CLANG_ENABLE_MODULES = YES;
				CLANG_ENABLE_OBJC_ARC = YES;
				CLANG_ENABLE_OBJC_WEAK = YES;
				CLANG_WARN_BLOCK_CAPTURE_AUTORELEASING = YES;
				CLANG_WARN_BOOL_CONVERSION = YES;
				CLANG_WARN_COMMA = YES;
				CLANG_WARN_CONSTANT_CONVERSION = YES;
				CLANG_WARN_DEPRECATED_OBJC_IMPLEMENTATIONS = YES;
				CLANG_WARN_DIRECT_OBJC_ISA_USAGE = YES_ERROR;
				CLANG_WARN_DOCUMENTATION_COMMENTS = YES;
				CLANG_WARN_EMPTY_BODY = YES;
				CLANG_WARN_ENUM_CONVERSION = YES;
				CLANG_WARN_INFINITE_RECURSION = YES;
				CLANG_WARN_INT_CONVERSION = YES;
				CLANG_WARN_NON_LITERAL_NULL_CONVERSION = YES;
				CLANG_WARN_OBJC_IMPLICIT_RETAIN_SELF = YES;
				CLANG_WARN_OBJC_LITERAL_CONVERSION = YES;
				CLANG_WARN_OBJC_ROOT_CLASS = YES_ERROR;
				CLANG_WARN_QUOTED_INCLUDE_IN_FRAMEWORK_HEADER = YES;
				CLANG_WARN_RANGE_LOOP_ANALYSIS = YES;
				CLANG_WARN_STRICT_PROTOTYPES = YES;
				CLANG_WARN_SUSPICIOUS_MOVE = YES;
				CLANG_WARN_UNGUARDED_AVAILABILITY = YES_AGGRESSIVE;
				CLANG_WARN_UNREACHABLE_CODE = YES;
				CLANG_WARN__DUPLICATE_METHOD_MATCH = YES;
				COPY_PHASE_STRIP = NO;
				DEBUG_INFORMATION_FORMAT = "dwarf-with-dsym";
				ENABLE_NS_ASSERTIONS = NO;
				ENABLE_STRICT_OBJC_MSGSEND = YES;
				GCC_C_LANGUAGE_STANDARD = gnu11;
				GCC_NO_COMMON_BLOCKS = YES;
				GCC_WARN_64_TO_32_BIT_CONVERSION = YES;
				GCC_WARN_ABOUT_RETURN_TYPE = YES_ERROR;
				GCC_WARN_UNDECLARED_SELECTOR = YES;
				GCC_WARN_UNINITIALIZED_AUTOS = YES_AGGRESSIVE;
				GCC_WARN_UNUSED_FUNCTION = YES;
				GCC_WARN_UNUSED_VARIABLE = YES;
				IPHONEOS_DEPLOYMENT_TARGET = 14.4;
				MTL_ENABLE_DEBUG_INFO = NO;
				MTL_FAST_MATH = YES;
				SDKROOT = iphoneos;
				SWIFT_COMPILATION_MODE = wholemodule;
				SWIFT_OPTIMIZATION_LEVEL = "-O";
				VALIDATE_PRODUCT = YES;
			};
			name = Release;
		};
		2D5B659126B67222006773D6 /* Debug */ = {
			isa = XCBuildConfiguration;
			buildSettings = {
				ASSETCATALOG_COMPILER_APPICON_NAME = AppIcon;
				ASSETCATALOG_COMPILER_GLOBAL_ACCENT_COLOR_NAME = AccentColor;
				CODE_SIGN_STYLE = Automatic;
				DEVELOPMENT_ASSET_PATHS = "\"SwiftUI-SearchInList/Preview Content\"";
				DEVELOPMENT_TEAM = AAWXZ6PH5F;
				ENABLE_PREVIEWS = YES;
				INFOPLIST_FILE = "SwiftUI-SearchInList/Info.plist";
				LD_RUNPATH_SEARCH_PATHS = (
					"$(inherited)",
					"@executable_path/Frameworks",
				);
				PRODUCT_BUNDLE_IDENTIFIER = "Techzi.SwiftUI-SearchInList";
				PRODUCT_NAME = "$(TARGET_NAME)";
				SWIFT_VERSION = 5.0;
				TARGETED_DEVICE_FAMILY = "1,2";
			};
			name = Debug;
		};
		2D5B659226B67222006773D6 /* Release */ = {
			isa = XCBuildConfiguration;
			buildSettings = {
				ASSETCATALOG_COMPILER_APPICON_NAME = AppIcon;
				ASSETCATALOG_COMPILER_GLOBAL_ACCENT_COLOR_NAME = AccentColor;
				CODE_SIGN_STYLE = Automatic;
				DEVELOPMENT_ASSET_PATHS = "\"SwiftUI-SearchInList/Preview Content\"";
				DEVELOPMENT_TEAM = AAWXZ6PH5F;
				ENABLE_PREVIEWS = YES;
				INFOPLIST_FILE = "SwiftUI-SearchInList/Info.plist";
				LD_RUNPATH_SEARCH_PATHS = (
					"$(inherited)",
					"@executable_path/Frameworks",
				);
				PRODUCT_BUNDLE_IDENTIFIER = "Techzi.SwiftUI-SearchInList";
				PRODUCT_NAME = "$(TARGET_NAME)";
				SWIFT_VERSION = 5.0;
				TARGETED_DEVICE_FAMILY = "1,2";
			};
			name = Release;
		};
		2D5B659426B67222006773D6 /* Debug */ = {
			isa = XCBuildConfiguration;
			buildSettings = {
				ALWAYS_EMBED_SWIFT_STANDARD_LIBRARIES = YES;
				BUNDLE_LOADER = "$(TEST_HOST)";
				CODE_SIGN_STYLE = Automatic;
				DEVELOPMENT_TEAM = AAWXZ6PH5F;
				INFOPLIST_FILE = "SwiftUI-SearchInListTests/Info.plist";
				IPHONEOS_DEPLOYMENT_TARGET = 14.4;
				LD_RUNPATH_SEARCH_PATHS = (
					"$(inherited)",
					"@executable_path/Frameworks",
					"@loader_path/Frameworks",
				);
				PRODUCT_BUNDLE_IDENTIFIER = "Techzi.SwiftUI-SearchInListTests";
				PRODUCT_NAME = "$(TARGET_NAME)";
				SWIFT_VERSION = 5.0;
				TARGETED_DEVICE_FAMILY = "1,2";
				TEST_HOST = "$(BUILT_PRODUCTS_DIR)/SwiftUI-SearchInList.app/SwiftUI-SearchInList";
			};
			name = Debug;
		};
		2D5B659526B67222006773D6 /* Release */ = {
			isa = XCBuildConfiguration;
			buildSettings = {
				ALWAYS_EMBED_SWIFT_STANDARD_LIBRARIES = YES;
				BUNDLE_LOADER = "$(TEST_HOST)";
				CODE_SIGN_STYLE = Automatic;
				DEVELOPMENT_TEAM = AAWXZ6PH5F;
				INFOPLIST_FILE = "SwiftUI-SearchInListTests/Info.plist";
				IPHONEOS_DEPLOYMENT_TARGET = 14.4;
				LD_RUNPATH_SEARCH_PATHS = (
					"$(inherited)",
					"@executable_path/Frameworks",
					"@loader_path/Frameworks",
				);
				PRODUCT_BUNDLE_IDENTIFIER = "Techzi.SwiftUI-SearchInListTests";
				PRODUCT_NAME = "$(TARGET_NAME)";
				SWIFT_VERSION = 5.0;
				TARGETED_DEVICE_FAMILY = "1,2";
				TEST_HOST = "$(BUILT_PRODUCTS_DIR)/SwiftUI-SearchInList.app/SwiftUI-SearchInList";
			};
			name = Release;
		};
		2D5B659726B67222006773D6 /* Debug */ = {
			isa = XCBuildConfiguration;
			buildSettings = {
				ALWAYS_EMBED_SWIFT_STANDARD_LIBRARIES = YES;
				CODE_SIGN_STYLE = Automatic;
				DEVELOPMENT_TEAM = AAWXZ6PH5F;
				INFOPLIST_FILE = "SwiftUI-SearchInListUITests/Info.plist";
				LD_RUNPATH_SEARCH_PATHS = (
					"$(inherited)",
					"@executable_path/Frameworks",
					"@loader_path/Frameworks",
				);
				PRODUCT_BUNDLE_IDENTIFIER = "Techzi.SwiftUI-SearchInListUITests";
				PRODUCT_NAME = "$(TARGET_NAME)";
				SWIFT_VERSION = 5.0;
				TARGETED_DEVICE_FAMILY = "1,2";
				TEST_TARGET_NAME = "SwiftUI-SearchInList";
			};
			name = Debug;
		};
		2D5B659826B67222006773D6 /* Release */ = {
			isa = XCBuildConfiguration;
			buildSettings = {
				ALWAYS_EMBED_SWIFT_STANDARD_LIBRARIES = YES;
				CODE_SIGN_STYLE = Automatic;
				DEVELOPMENT_TEAM = AAWXZ6PH5F;
				INFOPLIST_FILE = "SwiftUI-SearchInListUITests/Info.plist";
				LD_RUNPATH_SEARCH_PATHS = (
					"$(inherited)",
					"@executable_path/Frameworks",
					"@loader_path/Frameworks",
				);
				PRODUCT_BUNDLE_IDENTIFIER = "Techzi.SwiftUI-SearchInListUITests";
				PRODUCT_NAME = "$(TARGET_NAME)";
				SWIFT_VERSION = 5.0;
				TARGETED_DEVICE_FAMILY = "1,2";
				TEST_TARGET_NAME = "SwiftUI-SearchInList";
			};
			name = Release;
		};
/* End XCBuildConfiguration section */

/* Begin XCConfigurationList section */
		2D5B655E26B6721F006773D6 /* Build configuration list for PBXProject "SwiftUI-SearchInList" */ = {
			isa = XCConfigurationList;
			buildConfigurations = (
				2D5B658E26B67222006773D6 /* Debug */,
				2D5B658F26B67222006773D6 /* Release */,
			);
			defaultConfigurationIsVisible = 0;
			defaultConfigurationName = Release;
		};
		2D5B659026B67222006773D6 /* Build configuration list for PBXNativeTarget "SwiftUI-SearchInList" */ = {
			isa = XCConfigurationList;
			buildConfigurations = (
				2D5B659126B67222006773D6 /* Debug */,
				2D5B659226B67222006773D6 /* Release */,
			);
			defaultConfigurationIsVisible = 0;
			defaultConfigurationName = Release;
		};
		2D5B659326B67222006773D6 /* Build configuration list for PBXNativeTarget "SwiftUI-SearchInListTests" */ = {
			isa = XCConfigurationList;
			buildConfigurations = (
				2D5B659426B67222006773D6 /* Debug */,
				2D5B659526B67222006773D6 /* Release */,
			);
			defaultConfigurationIsVisible = 0;
			defaultConfigurationName = Release;
		};
		2D5B659626B67222006773D6 /* Build configuration list for PBXNativeTarget "SwiftUI-SearchInListUITests" */ = {
			isa = XCConfigurationList;
			buildConfigurations = (
				2D5B659726B67222006773D6 /* Debug */,
				2D5B659826B67222006773D6 /* Release */,
			);
			defaultConfigurationIsVisible = 0;
			defaultConfigurationName = Release;
		};
/* End XCConfigurationList section */

/* Begin XCVersionGroup section */
		2D5B656C26B6721F006773D6 /* SwiftUI_SearchInList.xcdatamodeld */ = {
			isa = XCVersionGroup;
			children = (
				2D5B656D26B6721F006773D6 /* SwiftUI_SearchInList.xcdatamodel */,
			);
			currentVersion = 2D5B656D26B6721F006773D6 /* SwiftUI_SearchInList.xcdatamodel */;
			path = SwiftUI_SearchInList.xcdatamodeld;
			sourceTree = "<group>";
			versionGroupType = wrapper.xcdatamodel;
		};
/* End XCVersionGroup section */
	};
	rootObject = 2D5B655B26B6721F006773D6 /* Project object */;
}
